
Microsoft Visual Studio Solution File, Format Version 12.00
# Visual Studio Version 16
VisualStudioVersion = 16.0.30709.132
MinimumVisualStudioVersion = 10.0.40219.1
Project("{FAE04EC0-301F-11D3-BF4B-00C04F79EFBC}") = "SideStream", "SideStream\SideStream.csproj", "{838D54C2-03EF-442E-8348-A7598C03CF3B}"
EndProject
Project("{FAE04EC0-301F-11D3-BF4B-00C04F79EFBC}") = "SideStream.Common", "SideStream.Common\SideStream.Common.csproj", "{66E22015-D39D-4C75-A44A-C94C734EE7FC}"
EndProject
Project("{FAE04EC0-301F-11D3-BF4B-00C04F79EFBC}") = "SideStream.Debug", "SideStream.Debug\SideStream.Debug.csproj", "{76A4B279-218D-4733-9B1A-F6FD3A271274}"
EndProject
Global
	GlobalSection(SolutionConfigurationPlatforms) = preSolution
		Debug|Any CPU = Debug|Any CPU
		Release|Any CPU = Release|Any CPU
	EndGlobalSection
	GlobalSection(ProjectConfigurationPlatforms) = postSolution
		{838D54C2-03EF-442E-8348-A7598C03CF3B}.Debug|Any CPU.ActiveCfg = Debug|Any CPU
		{838D54C2-03EF-442E-8348-A7598C03CF3B}.Debug|Any CPU.Build.0 = Debug|Any CPU
		{838D54C2-03EF-442E-8348-A7598C03CF3B}.Release|Any CPU.ActiveCfg = Release|Any CPU
		{838D54C2-03EF-442E-8348-A7598C03CF3B}.Release|Any CPU.Build.0 = Release|Any CPU
		{66E22015-D39D-4C75-A44A-C94C734EE7FC}.Debug|Any CPU.ActiveCfg = Debug|Any CPU
		{66E22015-D39D-4C75-A44A-C94C734EE7FC}.Debug|Any CPU.Build.0 = Debug|Any CPU
		{66E22015-D39D-4C75-A44A-C94C734EE7FC}.Release|Any CPU.ActiveCfg = Release|Any CPU
		{66E22015-D39D-4C75-A44A-C94C734EE7FC}.Release|Any CPU.Build.0 = Release|Any CPU
		{76A4B279-218D-4733-9B1A-F6FD3A271274}.Debug|Any CPU.ActiveCfg = Debug|Any CPU
		{76A4B279-218D-4733-9B1A-F6FD3A271274}.Debug|Any CPU.Build.0 = Debug|Any CPU
		{76A4B279-218D-4733-9B1A-F6FD3A271274}.Release|Any CPU.ActiveCfg = Release|Any CPU
		{76A4B279-218D-4733-9B1A-F6FD3A271274}.Release|Any CPU.Build.0 = Release|Any CPU
	EndGlobalSection
	GlobalSection(SolutionProperties) = preSolution
		HideSolutionNode = FALSE
	EndGlobalSection
	GlobalSection(ExtensibilityGlobals) = postSolution
		SolutionGuid = {1B60B3F1-6378-4F24-B980-FEAC939A670F}
	EndGlobalSection
EndGlobal
